
Microsoft Visual Studio Solution File, Format Version 12.00
# Visual Studio Version 17
VisualStudioVersion = 17.3.32901.215
MinimumVisualStudioVersion = 10.0.40219.1
Project("{9A19103F-16F7-4668-BE54-9A1E7A4F7556}") = "tinhtiendienphuongthuc", "tinhtiendienphuongthuc.csproj", "{1496AE52-D846-4C9B-BF8A-69BB5F18AE73}"
EndProject
Global
	GlobalSection(SolutionConfigurationPlatforms) = preSolution
		Debug|Any CPU = Debug|Any CPU
		Release|Any CPU = Release|Any CPU
	EndGlobalSection
	GlobalSection(ProjectConfigurationPlatforms) = postSolution
		{1496AE52-D846-4C9B-BF8A-69BB5F18AE73}.Debug|Any CPU.ActiveCfg = Debug|Any CPU
		{1496AE52-D846-4C9B-BF8A-69BB5F18AE73}.Debug|Any CPU.Build.0 = Debug|Any CPU
		{1496AE52-D846-4C9B-BF8A-69BB5F18AE73}.Release|Any CPU.ActiveCfg = Release|Any CPU
		{1496AE52-D846-4C9B-BF8A-69BB5F18AE73}.Release|Any CPU.Build.0 = Release|Any CPU
	EndGlobalSection
	GlobalSection(SolutionProperties) = preSolution
		HideSolutionNode = FALSE
	EndGlobalSection
	GlobalSection(ExtensibilityGlobals) = postSolution
		SolutionGuid = {A6750D7B-C27E-4CA1-97CD-0D36D1C8BCD9}
	EndGlobalSection
EndGlobal
