
Microsoft Visual Studio Solution File, Format Version 12.00
# Visual Studio Version 17
VisualStudioVersion = 17.1.32210.238
MinimumVisualStudioVersion = 10.0.40219.1
Project("{FAE04EC0-301F-11D3-BF4B-00C04F79EFBC}") = "Lab1", "Lab1\Lab1.csproj", "{D9EE567E-9156-4D1C-BFCA-5A35D317671F}"
EndProject
Global
	GlobalSection(SolutionConfigurationPlatforms) = preSolution
		Debug|Any CPU = Debug|Any CPU
		Release|Any CPU = Release|Any CPU
	EndGlobalSection
	GlobalSection(ProjectConfigurationPlatforms) = postSolution
		{D9EE567E-9156-4D1C-BFCA-5A35D317671F}.Debug|Any CPU.ActiveCfg = Debug|Any CPU
		{D9EE567E-9156-4D1C-BFCA-5A35D317671F}.Debug|Any CPU.Build.0 = Debug|Any CPU
		{D9EE567E-9156-4D1C-BFCA-5A35D317671F}.Release|Any CPU.ActiveCfg = Release|Any CPU
		{D9EE567E-9156-4D1C-BFCA-5A35D317671F}.Release|Any CPU.Build.0 = Release|Any CPU
	EndGlobalSection
	GlobalSection(SolutionProperties) = preSolution
		HideSolutionNode = FALSE
	EndGlobalSection
	GlobalSection(ExtensibilityGlobals) = postSolution
		SolutionGuid = {7582DAD5-E631-4418-A497-3DE992320911}
	EndGlobalSection
EndGlobal
