
Microsoft Visual Studio Solution File, Format Version 12.00
# Visual Studio Version 17
VisualStudioVersion = 17.3.32901.215
MinimumVisualStudioVersion = 10.0.40219.1
Project("{9A19103F-16F7-4668-BE54-9A1E7A4F7556}") = "Method Exercise", "Method Exercise.csproj", "{5BA68510-6365-4FF6-8E6C-F5340FEA5E90}"
EndProject
Global
	GlobalSection(SolutionConfigurationPlatforms) = preSolution
		Debug|Any CPU = Debug|Any CPU
		Release|Any CPU = Release|Any CPU
	EndGlobalSection
	GlobalSection(ProjectConfigurationPlatforms) = postSolution
		{5BA68510-6365-4FF6-8E6C-F5340FEA5E90}.Debug|Any CPU.ActiveCfg = Debug|Any CPU
		{5BA68510-6365-4FF6-8E6C-F5340FEA5E90}.Debug|Any CPU.Build.0 = Debug|Any CPU
		{5BA68510-6365-4FF6-8E6C-F5340FEA5E90}.Release|Any CPU.ActiveCfg = Release|Any CPU
		{5BA68510-6365-4FF6-8E6C-F5340FEA5E90}.Release|Any CPU.Build.0 = Release|Any CPU
	EndGlobalSection
	GlobalSection(SolutionProperties) = preSolution
		HideSolutionNode = FALSE
	EndGlobalSection
	GlobalSection(ExtensibilityGlobals) = postSolution
		SolutionGuid = {6F33B81B-3A3B-4552-A91F-518B9AE9ACD5}
	EndGlobalSection
EndGlobal
