
Microsoft Visual Studio Solution File, Format Version 12.00
# Visual Studio Version 17
VisualStudioVersion = 17.3.32901.215
MinimumVisualStudioVersion = 10.0.40219.1
Project("{FAE04EC0-301F-11D3-BF4B-00C04F79EFBC}") = "Exercise6", "Exercise6\Exercise6.csproj", "{FCADF81D-CA40-4B55-BFDA-F0A041A224AD}"
EndProject
Global
	GlobalSection(SolutionConfigurationPlatforms) = preSolution
		Debug|Any CPU = Debug|Any CPU
		Release|Any CPU = Release|Any CPU
	EndGlobalSection
	GlobalSection(ProjectConfigurationPlatforms) = postSolution
		{FCADF81D-CA40-4B55-BFDA-F0A041A224AD}.Debug|Any CPU.ActiveCfg = Debug|Any CPU
		{FCADF81D-CA40-4B55-BFDA-F0A041A224AD}.Debug|Any CPU.Build.0 = Debug|Any CPU
		{FCADF81D-CA40-4B55-BFDA-F0A041A224AD}.Release|Any CPU.ActiveCfg = Release|Any CPU
		{FCADF81D-CA40-4B55-BFDA-F0A041A224AD}.Release|Any CPU.Build.0 = Release|Any CPU
	EndGlobalSection
	GlobalSection(SolutionProperties) = preSolution
		HideSolutionNode = FALSE
	EndGlobalSection
	GlobalSection(ExtensibilityGlobals) = postSolution
		SolutionGuid = {3EDAE95A-913E-458C-ACAF-F74793C1B97A}
	EndGlobalSection
EndGlobal
